
Microsoft Visual Studio Solution File, Format Version 12.00
# Visual Studio 2013
VisualStudioVersion = 12.0.40629.0
MinimumVisualStudioVersion = 10.0.40219.1
Project("{8BC9CEB8-8B4A-11D0-8D11-00A0C91BC942}") = "学籍管理系统", "学籍管理系统\学籍管理系统.vcxproj", "{06FB22B9-12CF-4CAA-A77F-0615A4D14F2A}"
EndProject
Global
	GlobalSection(SolutionConfigurationPlatforms) = preSolution
		Debug|Win32 = Debug|Win32
		Release|Win32 = Release|Win32
	EndGlobalSection
	GlobalSection(ProjectConfigurationPlatforms) = postSolution
		{06FB22B9-12CF-4CAA-A77F-0615A4D14F2A}.Debug|Win32.ActiveCfg = Debug|Win32
		{06FB22B9-12CF-4CAA-A77F-0615A4D14F2A}.Debug|Win32.Build.0 = Debug|Win32
		{06FB22B9-12CF-4CAA-A77F-0615A4D14F2A}.Release|Win32.ActiveCfg = Release|Win32
		{06FB22B9-12CF-4CAA-A77F-0615A4D14F2A}.Release|Win32.Build.0 = Release|Win32
	EndGlobalSection
	GlobalSection(SolutionProperties) = preSolution
		HideSolutionNode = FALSE
	EndGlobalSection
EndGlobal
